
Microsoft Visual Studio Solution File, Format Version 12.00
# Visual Studio Version 17
VisualStudioVersion = 17.6.33815.320
MinimumVisualStudioVersion = 10.0.40219.1
Project("{9A19103F-16F7-4668-BE54-9A1E7A4F7556}") = "GTPS2ModelTool.ModelSetMaker", "GTPS2ModelTool\GTPS2ModelTool.ModelSetMaker.csproj", "{09D24FEB-8DFB-4EC2-9892-6B1D6D241C2E}"
EndProject
Project("{9A19103F-16F7-4668-BE54-9A1E7A4F7556}") = "SharpTriStrip", "SharpTriStrip\SharpTriStrip.csproj", "{4AC4923D-8AC4-4F6C-8DC6-1F50FC8D2F80}"
EndProject
Project("{9A19103F-16F7-4668-BE54-9A1E7A4F7556}") = "GTPS2ModelTool.Core", "GTPS2ModelTool.Core\GTPS2ModelTool.Core.csproj", "{04257E99-E3F7-4DAC-8560-2816094F9100}"
EndProject
Global
	GlobalSection(SolutionConfigurationPlatforms) = preSolution
		Debug|Any CPU = Debug|Any CPU
		Release|Any CPU = Release|Any CPU
	EndGlobalSection
	GlobalSection(ProjectConfigurationPlatforms) = postSolution
		{09D24FEB-8DFB-4EC2-9892-6B1D6D241C2E}.Debug|Any CPU.ActiveCfg = Debug|Any CPU
		{09D24FEB-8DFB-4EC2-9892-6B1D6D241C2E}.Debug|Any CPU.Build.0 = Debug|Any CPU
		{09D24FEB-8DFB-4EC2-9892-6B1D6D241C2E}.Release|Any CPU.ActiveCfg = Release|Any CPU
		{09D24FEB-8DFB-4EC2-9892-6B1D6D241C2E}.Release|Any CPU.Build.0 = Release|Any CPU
		{4AC4923D-8AC4-4F6C-8DC6-1F50FC8D2F80}.Debug|Any CPU.ActiveCfg = Debug|Any CPU
		{4AC4923D-8AC4-4F6C-8DC6-1F50FC8D2F80}.Debug|Any CPU.Build.0 = Debug|Any CPU
		{4AC4923D-8AC4-4F6C-8DC6-1F50FC8D2F80}.Release|Any CPU.ActiveCfg = Release|Any CPU
		{4AC4923D-8AC4-4F6C-8DC6-1F50FC8D2F80}.Release|Any CPU.Build.0 = Release|Any CPU
		{04257E99-E3F7-4DAC-8560-2816094F9100}.Debug|Any CPU.ActiveCfg = Debug|Any CPU
		{04257E99-E3F7-4DAC-8560-2816094F9100}.Debug|Any CPU.Build.0 = Debug|Any CPU
		{04257E99-E3F7-4DAC-8560-2816094F9100}.Release|Any CPU.ActiveCfg = Release|Any CPU
		{04257E99-E3F7-4DAC-8560-2816094F9100}.Release|Any CPU.Build.0 = Release|Any CPU
	EndGlobalSection
	GlobalSection(SolutionProperties) = preSolution
		HideSolutionNode = FALSE
	EndGlobalSection
	GlobalSection(ExtensibilityGlobals) = postSolution
		SolutionGuid = {043FB3AC-C767-4F32-9A5A-2FE02438D7A3}
	EndGlobalSection
EndGlobal
